// !$*UTF8*$!
{
	archiveVersion = 1;
	classes = {
	};
	objectVersion = 51;
	objects = {

/* Begin PBXBuildFile section */
		4E83B78B28E53099004DE475 /* WFNetworkTool.swift in Sources */ = {isa = PBXBuildFile; fileRef = 4E83B78A28E53099004DE475 /* WFNetworkTool.swift */; };
		4E83B78F28E53216004DE475 /* WFInitializer.swift in Sources */ = {isa = PBXBuildFile; fileRef = 4E83B78E28E53216004DE475 /* WFInitializer.swift */; };
		4E83B79228E55874004DE475 /* WFPageControl.swift in Sources */ = {isa = PBXBuildFile; fileRef = 4E83B79128E55874004DE475 /* WFPageControl.swift */; };
		4E83B79428E55A70004DE475 /* WEIPageControl.swift in Sources */ = {isa = PBXBuildFile; fileRef = 4E83B79328E55A70004DE475 /* WEIPageControl.swift */; };
		4E83B79628E55B97004DE475 /* PageViewController.swift in Sources */ = {isa = PBXBuildFile; fileRef = 4E83B79528E55B97004DE475 /* PageViewController.swift */; };
		4E83B79928E56CF8004DE475 /* InteractionViewController.swift in Sources */ = {isa = PBXBuildFile; fileRef = 4E83B79828E56CF8004DE475 /* InteractionViewController.swift */; };
		4E83B7AD28E5A0A1004DE475 /* UISegmentedControl+Extensions.swift in Sources */ = {isa = PBXBuildFile; fileRef = 4E83B79C28E5A0A1004DE475 /* UISegmentedControl+Extensions.swift */; };
		4E83B7AE28E5A0A1004DE475 /* UIImageView+Extensions.swift in Sources */ = {isa = PBXBuildFile; fileRef = 4E83B79D28E5A0A1004DE475 /* UIImageView+Extensions.swift */; };
		4E83B7B028E5A0A1004DE475 /* UIView+Extensions.swift in Sources */ = {isa = PBXBuildFile; fileRef = 4E83B79F28E5A0A1004DE475 /* UIView+Extensions.swift */; };
		4E83B7B128E5A0A1004DE475 /* Date+Extension.swift in Sources */ = {isa = PBXBuildFile; fileRef = 4E83B7A028E5A0A1004DE475 /* Date+Extension.swift */; };
		4E83B7B628E5A0A1004DE475 /* UISearchBar+Extensions.swift in Sources */ = {isa = PBXBuildFile; fileRef = 4E83B7A528E5A0A1004DE475 /* UISearchBar+Extensions.swift */; };
		4E83B7B928E5A0A1004DE475 /* Optional+Extensions.swift in Sources */ = {isa = PBXBuildFile; fileRef = 4E83B7A828E5A0A1004DE475 /* Optional+Extensions.swift */; };
		4E83B7BB28E5A0A1004DE475 /* Locale+Extensions.swift in Sources */ = {isa = PBXBuildFile; fileRef = 4E83B7AA28E5A0A1004DE475 /* Locale+Extensions.swift */; };
		4E83B7C228E5A220004DE475 /* GradientSlider.swift in Sources */ = {isa = PBXBuildFile; fileRef = 4E83B7BD28E5A220004DE475 /* GradientSlider.swift */; };
		4E83B7C328E5A220004DE475 /* Label.swift in Sources */ = {isa = PBXBuildFile; fileRef = 4E83B7BE28E5A220004DE475 /* Label.swift */; };
		4E83B7C428E5A220004DE475 /* Button.swift in Sources */ = {isa = PBXBuildFile; fileRef = 4E83B7BF28E5A220004DE475 /* Button.swift */; };
		4E83B7C528E5A220004DE475 /* SegmentedControl.swift in Sources */ = {isa = PBXBuildFile; fileRef = 4E83B7C028E5A220004DE475 /* SegmentedControl.swift */; };
		4E83B7C628E5A220004DE475 /* TextField.swift in Sources */ = {isa = PBXBuildFile; fileRef = 4E83B7C128E5A220004DE475 /* TextField.swift */; };
		4E83B7FB28E5A25A004DE475 /* Countries.bundle in Resources */ = {isa = PBXBuildFile; fileRef = 4E83B7C928E5A259004DE475 /* Countries.bundle */; };
		4E83B7FC28E5A25A004DE475 /* LocaleStore.swift in Sources */ = {isa = PBXBuildFile; fileRef = 4E83B7CB28E5A259004DE475 /* LocaleStore.swift */; };
		4E83B7FD28E5A25A004DE475 /* LocaleInfo.swift in Sources */ = {isa = PBXBuildFile; fileRef = 4E83B7CD28E5A259004DE475 /* LocaleInfo.swift */; };
		4E83B7FE28E5A25A004DE475 /* LocalePickerViewController.swift in Sources */ = {isa = PBXBuildFile; fileRef = 4E83B7CE28E5A259004DE475 /* LocalePickerViewController.swift */; };
		4E83B7FF28E5A25A004DE475 /* PhoneCodeCell.swift in Sources */ = {isa = PBXBuildFile; fileRef = 4E83B7D028E5A259004DE475 /* PhoneCodeCell.swift */; };
		4E83B80028E5A25A004DE475 /* CurrencyCell.swift in Sources */ = {isa = PBXBuildFile; fileRef = 4E83B7D128E5A259004DE475 /* CurrencyCell.swift */; };
		4E83B80128E5A25A004DE475 /* CountryCell.swift in Sources */ = {isa = PBXBuildFile; fileRef = 4E83B7D228E5A259004DE475 /* CountryCell.swift */; };
		4E83B80228E5A25A004DE475 /* TwoTextFieldsViewController.swift in Sources */ = {isa = PBXBuildFile; fileRef = 4E83B7D428E5A259004DE475 /* TwoTextFieldsViewController.swift */; };
		4E83B80328E5A25A004DE475 /* OneTextFieldViewController.swift in Sources */ = {isa = PBXBuildFile; fileRef = 4E83B7D528E5A259004DE475 /* OneTextFieldViewController.swift */; };
		4E83B80428E5A25A004DE475 /* Assets.swift in Sources */ = {isa = PBXBuildFile; fileRef = 4E83B7D828E5A259004DE475 /* Assets.swift */; };
		4E83B80528E5A25A004DE475 /* PhotoLibraryPickerViewController.swift in Sources */ = {isa = PBXBuildFile; fileRef = 4E83B7D928E5A259004DE475 /* PhotoLibraryPickerViewController.swift */; };
		4E83B80628E5A25A004DE475 /* LocationSearchResultsViewController.swift in Sources */ = {isa = PBXBuildFile; fileRef = 4E83B7DB28E5A259004DE475 /* LocationSearchResultsViewController.swift */; };
		4E83B80728E5A25A004DE475 /* LocationPickerViewController.swift in Sources */ = {isa = PBXBuildFile; fileRef = 4E83B7DC28E5A259004DE475 /* LocationPickerViewController.swift */; };
		4E83B80828E5A25A004DE475 /* SearchHistoryManager.swift in Sources */ = {isa = PBXBuildFile; fileRef = 4E83B7DE28E5A259004DE475 /* SearchHistoryManager.swift */; };
		4E83B80928E5A25A004DE475 /* Location.swift in Sources */ = {isa = PBXBuildFile; fileRef = 4E83B7E028E5A259004DE475 /* Location.swift */; };
		4E83B80A28E5A25A004DE475 /* Address.swift in Sources */ = {isa = PBXBuildFile; fileRef = 4E83B7E128E5A259004DE475 /* Address.swift */; };
		4E83B80B28E5A25A004DE475 /* PickerViewViewController.swift in Sources */ = {isa = PBXBuildFile; fileRef = 4E83B7E328E5A259004DE475 /* PickerViewViewController.swift */; };
		4E83B80C28E5A25A004DE475 /* ContactsPickerViewController.swift in Sources */ = {isa = PBXBuildFile; fileRef = 4E83B7E528E5A259004DE475 /* ContactsPickerViewController.swift */; };
		4E83B80D28E5A25A004DE475 /* Contacts.swift in Sources */ = {isa = PBXBuildFile; fileRef = 4E83B7E728E5A259004DE475 /* Contacts.swift */; };
		4E83B80E28E5A25A004DE475 /* Contact.swift in Sources */ = {isa = PBXBuildFile; fileRef = 4E83B7E928E5A259004DE475 /* Contact.swift */; };
		4E83B80F28E5A25A004DE475 /* ContactCell.swift in Sources */ = {isa = PBXBuildFile; fileRef = 4E83B7EB28E5A259004DE475 /* ContactCell.swift */; };
		4E83B81028E5A25A004DE475 /* ColorPickerViewController.swift in Sources */ = {isa = PBXBuildFile; fileRef = 4E83B7ED28E5A259004DE475 /* ColorPickerViewController.swift */; };
		4E83B81128E5A25A004DE475 /* DatePickerViewController.swift in Sources */ = {isa = PBXBuildFile; fileRef = 4E83B7EF28E5A259004DE475 /* DatePickerViewController.swift */; };
		4E83B81228E5A25A004DE475 /* ImagePickerViewController.swift in Sources */ = {isa = PBXBuildFile; fileRef = 4E83B7F128E5A259004DE475 /* ImagePickerViewController.swift */; };
		4E83B81328E5A25A004DE475 /* ItemWithImage.swift in Sources */ = {isa = PBXBuildFile; fileRef = 4E83B7F328E5A259004DE475 /* ItemWithImage.swift */; };
		4E83B81428E5A25A004DE475 /* PhotoLayout.swift in Sources */ = {isa = PBXBuildFile; fileRef = 4E83B7F628E5A259004DE475 /* PhotoLayout.swift */; };
		4E83B81528E5A25A004DE475 /* TelegramPickerViewController.swift in Sources */ = {isa = PBXBuildFile; fileRef = 4E83B7F728E5A259004DE475 /* TelegramPickerViewController.swift */; };
		4E83B81628E5A25A004DE475 /* ItemWithPhoto.swift in Sources */ = {isa = PBXBuildFile; fileRef = 4E83B7F928E5A259004DE475 /* ItemWithPhoto.swift */; };
		4E83B81728E5A25A004DE475 /* LikeButtonCell.swift in Sources */ = {isa = PBXBuildFile; fileRef = 4E83B7FA28E5A259004DE475 /* LikeButtonCell.swift */; };
		4E83B81928E5A45B004DE475 /* TextViewController.swift in Sources */ = {isa = PBXBuildFile; fileRef = 4E83B81828E5A45A004DE475 /* TextViewController.swift */; };
		4E83B81B28E5A46F004DE475 /* AttributedTextBlock.swift in Sources */ = {isa = PBXBuildFile; fileRef = 4E83B81A28E5A46F004DE475 /* AttributedTextBlock.swift */; };
		4E83B81D28E5A7DA004DE475 /* TypeOneCell.swift in Sources */ = {isa = PBXBuildFile; fileRef = 4E83B81C28E5A7DA004DE475 /* TypeOneCell.swift */; };
		4E83B81F28E5A8BA004DE475 /* VegaScrollFlowLayout.swift in Sources */ = {isa = PBXBuildFile; fileRef = 4E83B81E28E5A8BA004DE475 /* VegaScrollFlowLayout.swift */; };
		4E83B82128E5BF34004DE475 /* ColorPickerViewController.storyboard in Resources */ = {isa = PBXBuildFile; fileRef = 4E83B82028E5BF34004DE475 /* ColorPickerViewController.storyboard */; };
		4E83B82728E74C01004DE475 /* WFAlertController.swift in Sources */ = {isa = PBXBuildFile; fileRef = 4E83B82628E74C01004DE475 /* WFAlertController.swift */; };
		4E83B82C28E88046004DE475 /* SwiftHeader.swift in Sources */ = {isa = PBXBuildFile; fileRef = 4E83B82B28E88046004DE475 /* SwiftHeader.swift */; };
		4EBA3AB628E4A643003517B4 /* SimpleViewController.swift in Sources */ = {isa = PBXBuildFile; fileRef = 4EBA3AB528E4A643003517B4 /* SimpleViewController.swift */; };
		4EBA3AB828E4AC33003517B4 /* SimpleCell.swift in Sources */ = {isa = PBXBuildFile; fileRef = 4EBA3AB728E4AC33003517B4 /* SimpleCell.swift */; };
		7C374A3B2464239F0071FD50 /* TestMapViewController.swift in Sources */ = {isa = PBXBuildFile; fileRef = 7C374A3A2464239F0071FD50 /* TestMapViewController.swift */; };
		7C374A3D246431FD0071FD50 /* Artwork.swift in Sources */ = {isa = PBXBuildFile; fileRef = 7C374A3C246431FC0071FD50 /* Artwork.swift */; };
		7C41F3012653F5EE00CFE788 /* ResearchViewController.swift in Sources */ = {isa = PBXBuildFile; fileRef = 7C41F3002653F5EE00CFE788 /* ResearchViewController.swift */; };
		7C650CD7243CD62F00726BA4 /* AppDelegate.swift in Sources */ = {isa = PBXBuildFile; fileRef = 7C650CD6243CD62F00726BA4 /* AppDelegate.swift */; };
		7C650CD9243CD62F00726BA4 /* SceneDelegate.swift in Sources */ = {isa = PBXBuildFile; fileRef = 7C650CD8243CD62F00726BA4 /* SceneDelegate.swift */; };
		7C650CE0243CD63100726BA4 /* Assets.xcassets in Resources */ = {isa = PBXBuildFile; fileRef = 7C650CDF243CD63100726BA4 /* Assets.xcassets */; };
		7C650CE3243CD63100726BA4 /* LaunchScreen.storyboard in Resources */ = {isa = PBXBuildFile; fileRef = 7C650CE1243CD63100726BA4 /* LaunchScreen.storyboard */; };
		7C81CE84243E150400C1A60E /* MainTabBarController.swift in Sources */ = {isa = PBXBuildFile; fileRef = 7C81CE7C243E150400C1A60E /* MainTabBarController.swift */; };
		7C81CE86243E150400C1A60E /* ThirdViewController.swift in Sources */ = {isa = PBXBuildFile; fileRef = 7C81CE7F243E150400C1A60E /* ThirdViewController.swift */; };
		7C81CE87243E150400C1A60E /* FifthViewController.swift in Sources */ = {isa = PBXBuildFile; fileRef = 7C81CE80243E150400C1A60E /* FifthViewController.swift */; };
		7C81CE88243E150400C1A60E /* FourthViewController.swift in Sources */ = {isa = PBXBuildFile; fileRef = 7C81CE81243E150400C1A60E /* FourthViewController.swift */; };
		7C81CE89243E150400C1A60E /* SecondViewController.swift in Sources */ = {isa = PBXBuildFile; fileRef = 7C81CE82243E150400C1A60E /* SecondViewController.swift */; };
		7C81CE8D243E178900C1A60E /* BaseViewController.swift in Sources */ = {isa = PBXBuildFile; fileRef = 7C81CE8C243E178900C1A60E /* BaseViewController.swift */; };
		7C81CE8F243E1B4600C1A60E /* ViewDetailPage.swift in Sources */ = {isa = PBXBuildFile; fileRef = 7C81CE8E243E1B4600C1A60E /* ViewDetailPage.swift */; };
		7C81CE94243E1D8800C1A60E /* BaseNavigationController.swift in Sources */ = {isa = PBXBuildFile; fileRef = 7C81CE93243E1D8800C1A60E /* BaseNavigationController.swift */; };
		7C81CE97243E1DB200C1A60E /* Const.swift in Sources */ = {isa = PBXBuildFile; fileRef = 7C81CE96243E1DB200C1A60E /* Const.swift */; };
		7C81CE9A243F418200C1A60E /* WFListInfoModel.swift in Sources */ = {isa = PBXBuildFile; fileRef = 7C81CE99243F418200C1A60E /* WFListInfoModel.swift */; };
		7C81CE9C243F419700C1A60E /* UIVIewCreate.swift in Sources */ = {isa = PBXBuildFile; fileRef = 7C81CE9B243F419700C1A60E /* UIVIewCreate.swift */; };
		7C81CEA22440979800C1A60E /* WFCommonCell.swift in Sources */ = {isa = PBXBuildFile; fileRef = 7C81CEA02440979800C1A60E /* WFCommonCell.swift */; };
		7C81CEA32440979800C1A60E /* HomeCollectionViewCell.swift in Sources */ = {isa = PBXBuildFile; fileRef = 7C81CEA12440979800C1A60E /* HomeCollectionViewCell.swift */; };
		7C81CEA5244097C700C1A60E /* CheckString.swift in Sources */ = {isa = PBXBuildFile; fileRef = 7C81CEA4244097C700C1A60E /* CheckString.swift */; };
		7C81CEA72440987800C1A60E /* ViewController.swift in Sources */ = {isa = PBXBuildFile; fileRef = 7C81CEA62440987800C1A60E /* ViewController.swift */; };
		7C81CEA92440B44900C1A60E /* UIColorCreate.swift in Sources */ = {isa = PBXBuildFile; fileRef = 7C81CEA82440B44900C1A60E /* UIColorCreate.swift */; };
		7C81CEAB2441948D00C1A60E /* WFRequestDataLoader.swift in Sources */ = {isa = PBXBuildFile; fileRef = 7C81CEAA2441948D00C1A60E /* WFRequestDataLoader.swift */; };
		7CA333FE2441A64E00AFE87C /* HomeListModel.swift in Sources */ = {isa = PBXBuildFile; fileRef = 7CA333FD2441A64E00AFE87C /* HomeListModel.swift */; };
		7CA3365B2445EEA200AFE87C /* DateFormatterFunc.swift in Sources */ = {isa = PBXBuildFile; fileRef = 7CA3365A2445EEA200AFE87C /* DateFormatterFunc.swift */; };
		7CA3365D24474D2B00AFE87C /* BaseWebViewController.swift in Sources */ = {isa = PBXBuildFile; fileRef = 7CA3365C24474D2B00AFE87C /* BaseWebViewController.swift */; };
		7CB0C3352449D4220060F38C /* WeChatTableHeaderView.swift in Sources */ = {isa = PBXBuildFile; fileRef = 7CB0C32B2449D4220060F38C /* WeChatTableHeaderView.swift */; };
		7CB0C3372449D4220060F38C /* WCRefreshHeaderAnimator.swift in Sources */ = {isa = PBXBuildFile; fileRef = 7CB0C32D2449D4220060F38C /* WCRefreshHeaderAnimator.swift */; };
		7CB0C3382449D4220060F38C /* MTRefreshFooterAnimator.swift in Sources */ = {isa = PBXBuildFile; fileRef = 7CB0C32F2449D4220060F38C /* MTRefreshFooterAnimator.swift */; };
		7CB0C3392449D4220060F38C /* MTRefreshHeaderAnimator.swift in Sources */ = {isa = PBXBuildFile; fileRef = 7CB0C3302449D4220060F38C /* MTRefreshHeaderAnimator.swift */; };
		7CB0C33C2449D4220060F38C /* ESRefreshDayHeaderAnimator.swift in Sources */ = {isa = PBXBuildFile; fileRef = 7CB0C3342449D4220060F38C /* ESRefreshDayHeaderAnimator.swift */; };
		7CB0C340244AAAEE0060F38C /* Student.swift in Sources */ = {isa = PBXBuildFile; fileRef = 7CB0C33F244AAAEE0060F38C /* Student.swift */; };
		7CB0C343244DED400060F38C /* CenterSegmentView.swift in Sources */ = {isa = PBXBuildFile; fileRef = 7CB0C342244DED400060F38C /* CenterSegmentView.swift */; };
		7CB0C346244E011A0060F38C /* WFNavigation.swift in Sources */ = {isa = PBXBuildFile; fileRef = 7CB0C345244E011A0060F38C /* WFNavigation.swift */; };
		7CB0C34B244F2B180060F38C /* LoginViewController.swift in Sources */ = {isa = PBXBuildFile; fileRef = 7CB0C34A244F2B180060F38C /* LoginViewController.swift */; };
		7CB0C34D24508A540060F38C /* WFTableViewController.swift in Sources */ = {isa = PBXBuildFile; fileRef = 7CB0C34C24508A540060F38C /* WFTableViewController.swift */; };
		7CB0C34F245093960060F38C /* WFBaseTableView.swift in Sources */ = {isa = PBXBuildFile; fileRef = 7CB0C34E245093960060F38C /* WFBaseTableView.swift */; };
		7CB0C3512450A8430060F38C /* SimpleWFTableViewController.swift in Sources */ = {isa = PBXBuildFile; fileRef = 7CB0C3502450A8430060F38C /* SimpleWFTableViewController.swift */; };
		7CB0C3542453D8970060F38C /* HawaiiViewController.swift in Sources */ = {isa = PBXBuildFile; fileRef = 7CB0C3532453D8970060F38C /* HawaiiViewController.swift */; };
		D3F6EB4F2457BCAC00A1AAA9 /* Main.storyboard in Resources */ = {isa = PBXBuildFile; fileRef = D3F6EB4E2457BCAC00A1AAA9 /* Main.storyboard */; };
		F4AD3D6D187A33F7D48F6479 /* Pods_SwiftStudy.framework in Frameworks */ = {isa = PBXBuildFile; fileRef = 115838D90EDF717F28A10213 /* Pods_SwiftStudy.framework */; };
/* End PBXBuildFile section */

/* Begin PBXFileReference section */
		115838D90EDF717F28A10213 /* Pods_SwiftStudy.framework */ = {isa = PBXFileReference; explicitFileType = wrapper.framework; includeInIndex = 0; path = Pods_SwiftStudy.framework; sourceTree = BUILT_PRODUCTS_DIR; };
		4E83B78A28E53099004DE475 /* WFNetworkTool.swift */ = {isa = PBXFileReference; lastKnownFileType = sourcecode.swift; path = WFNetworkTool.swift; sourceTree = "<group>"; };
		4E83B78E28E53216004DE475 /* WFInitializer.swift */ = {isa = PBXFileReference; lastKnownFileType = sourcecode.swift; path = WFInitializer.swift; sourceTree = "<group>"; };
		4E83B79128E55874004DE475 /* WFPageControl.swift */ = {isa = PBXFileReference; lastKnownFileType = sourcecode.swift; path = WFPageControl.swift; sourceTree = "<group>"; };
		4E83B79328E55A70004DE475 /* WEIPageControl.swift */ = {isa = PBXFileReference; lastKnownFileType = sourcecode.swift; path = WEIPageControl.swift; sourceTree = "<group>"; };
		4E83B79528E55B97004DE475 /* PageViewController.swift */ = {isa = PBXFileReference; lastKnownFileType = sourcecode.swift; path = PageViewController.swift; sourceTree = "<group>"; };
		4E83B79828E56CF8004DE475 /* InteractionViewController.swift */ = {isa = PBXFileReference; lastKnownFileType = sourcecode.swift; path = InteractionViewController.swift; sourceTree = "<group>"; };
		4E83B79C28E5A0A1004DE475 /* UISegmentedControl+Extensions.swift */ = {isa = PBXFileReference; fileEncoding = 4; lastKnownFileType = sourcecode.swift; path = "UISegmentedControl+Extensions.swift"; sourceTree = "<group>"; };
		4E83B79D28E5A0A1004DE475 /* UIImageView+Extensions.swift */ = {isa = PBXFileReference; fileEncoding = 4; lastKnownFileType = sourcecode.swift; path = "UIImageView+Extensions.swift"; sourceTree = "<group>"; };
		4E83B79F28E5A0A1004DE475 /* UIView+Extensions.swift */ = {isa = PBXFileReference; fileEncoding = 4; lastKnownFileType = sourcecode.swift; path = "UIView+Extensions.swift"; sourceTree = "<group>"; };
		4E83B7A028E5A0A1004DE475 /* Date+Extension.swift */ = {isa = PBXFileReference; fileEncoding = 4; lastKnownFileType = sourcecode.swift; path = "Date+Extension.swift"; sourceTree = "<group>"; };
		4E83B7A528E5A0A1004DE475 /* UISearchBar+Extensions.swift */ = {isa = PBXFileReference; fileEncoding = 4; lastKnownFileType = sourcecode.swift; path = "UISearchBar+Extensions.swift"; sourceTree = "<group>"; };
		4E83B7A828E5A0A1004DE475 /* Optional+Extensions.swift */ = {isa = PBXFileReference; fileEncoding = 4; lastKnownFileType = sourcecode.swift; path = "Optional+Extensions.swift"; sourceTree = "<group>"; };
		4E83B7AA28E5A0A1004DE475 /* Locale+Extensions.swift */ = {isa = PBXFileReference; fileEncoding = 4; lastKnownFileType = sourcecode.swift; path = "Locale+Extensions.swift"; sourceTree = "<group>"; };
		4E83B7BD28E5A220004DE475 /* GradientSlider.swift */ = {isa = PBXFileReference; fileEncoding = 4; lastKnownFileType = sourcecode.swift; path = GradientSlider.swift; sourceTree = "<group>"; };
		4E83B7BE28E5A220004DE475 /* Label.swift */ = {isa = PBXFileReference; fileEncoding = 4; lastKnownFileType = sourcecode.swift; path = Label.swift; sourceTree = "<group>"; };
		4E83B7BF28E5A220004DE475 /* Button.swift */ = {isa = PBXFileReference; fileEncoding = 4; lastKnownFileType = sourcecode.swift; path = Button.swift; sourceTree = "<group>"; };
		4E83B7C028E5A220004DE475 /* SegmentedControl.swift */ = {isa = PBXFileReference; fileEncoding = 4; lastKnownFileType = sourcecode.swift; path = SegmentedControl.swift; sourceTree = "<group>"; };
		4E83B7C128E5A220004DE475 /* TextField.swift */ = {isa = PBXFileReference; fileEncoding = 4; lastKnownFileType = sourcecode.swift; path = TextField.swift; sourceTree = "<group>"; };
		4E83B7C928E5A259004DE475 /* Countries.bundle */ = {isa = PBXFileReference; lastKnownFileType = "wrapper.plug-in"; path = Countries.bundle; sourceTree = "<group>"; };
		4E83B7CB28E5A259004DE475 /* LocaleStore.swift */ = {isa = PBXFileReference; fileEncoding = 4; lastKnownFileType = sourcecode.swift; path = LocaleStore.swift; sourceTree = "<group>"; };
		4E83B7CD28E5A259004DE475 /* LocaleInfo.swift */ = {isa = PBXFileReference; fileEncoding = 4; lastKnownFileType = sourcecode.swift; path = LocaleInfo.swift; sourceTree = "<group>"; };
		4E83B7CE28E5A259004DE475 /* LocalePickerViewController.swift */ = {isa = PBXFileReference; fileEncoding = 4; lastKnownFileType = sourcecode.swift; path = LocalePickerViewController.swift; sourceTree = "<group>"; };
		4E83B7D028E5A259004DE475 /* PhoneCodeCell.swift */ = {isa = PBXFileReference; fileEncoding = 4; lastKnownFileType = sourcecode.swift; path = PhoneCodeCell.swift; sourceTree = "<group>"; };
		4E83B7D128E5A259004DE475 /* CurrencyCell.swift */ = {isa = PBXFileReference; fileEncoding = 4; lastKnownFileType = sourcecode.swift; path = CurrencyCell.swift; sourceTree = "<group>"; };
		4E83B7D228E5A259004DE475 /* CountryCell.swift */ = {isa = PBXFileReference; fileEncoding = 4; lastKnownFileType = sourcecode.swift; path = CountryCell.swift; sourceTree = "<group>"; };
		4E83B7D428E5A259004DE475 /* TwoTextFieldsViewController.swift */ = {isa = PBXFileReference; fileEncoding = 4; lastKnownFileType = sourcecode.swift; path = TwoTextFieldsViewController.swift; sourceTree = "<group>"; };
		4E83B7D528E5A259004DE475 /* OneTextFieldViewController.swift */ = {isa = PBXFileReference; fileEncoding = 4; lastKnownFileType = sourcecode.swift; path = OneTextFieldViewController.swift; sourceTree = "<group>"; };
		4E83B7D828E5A259004DE475 /* Assets.swift */ = {isa = PBXFileReference; fileEncoding = 4; lastKnownFileType = sourcecode.swift; path = Assets.swift; sourceTree = "<group>"; };
		4E83B7D928E5A259004DE475 /* PhotoLibraryPickerViewController.swift */ = {isa = PBXFileReference; fileEncoding = 4; lastKnownFileType = sourcecode.swift; path = PhotoLibraryPickerViewController.swift; sourceTree = "<group>"; };
		4E83B7DB28E5A259004DE475 /* LocationSearchResultsViewController.swift */ = {isa = PBXFileReference; fileEncoding = 4; lastKnownFileType = sourcecode.swift; path = LocationSearchResultsViewController.swift; sourceTree = "<group>"; };
		4E83B7DC28E5A259004DE475 /* LocationPickerViewController.swift */ = {isa = PBXFileReference; fileEncoding = 4; lastKnownFileType = sourcecode.swift; path = LocationPickerViewController.swift; sourceTree = "<group>"; };
		4E83B7DE28E5A259004DE475 /* SearchHistoryManager.swift */ = {isa = PBXFileReference; fileEncoding = 4; lastKnownFileType = sourcecode.swift; path = SearchHistoryManager.swift; sourceTree = "<group>"; };
		4E83B7E028E5A259004DE475 /* Location.swift */ = {isa = PBXFileReference; fileEncoding = 4; lastKnownFileType = sourcecode.swift; path = Location.swift; sourceTree = "<group>"; };
		4E83B7E128E5A259004DE475 /* Address.swift */ = {isa = PBXFileReference; fileEncoding = 4; lastKnownFileType = sourcecode.swift; path = Address.swift; sourceTree = "<group>"; };
		4E83B7E328E5A259004DE475 /* PickerViewViewController.swift */ = {isa = PBXFileReference; fileEncoding = 4; lastKnownFileType = sourcecode.swift; path = PickerViewViewController.swift; sourceTree = "<group>"; };
		4E83B7E528E5A259004DE475 /* ContactsPickerViewController.swift */ = {isa = PBXFileReference; fileEncoding = 4; lastKnownFileType = sourcecode.swift; path = ContactsPickerViewController.swift; sourceTree = "<group>"; };
		4E83B7E728E5A259004DE475 /* Contacts.swift */ = {isa = PBXFileReference; fileEncoding = 4; lastKnownFileType = sourcecode.swift; path = Contacts.swift; sourceTree = "<group>"; };
		4E83B7E928E5A259004DE475 /* Contact.swift */ = {isa = PBXFileReference; fileEncoding = 4; lastKnownFileType = sourcecode.swift; path = Contact.swift; sourceTree = "<group>"; };
		4E83B7EB28E5A259004DE475 /* ContactCell.swift */ = {isa = PBXFileReference; fileEncoding = 4; lastKnownFileType = sourcecode.swift; path = ContactCell.swift; sourceTree = "<group>"; };
		4E83B7ED28E5A259004DE475 /* ColorPickerViewController.swift */ = {isa = PBXFileReference; fileEncoding = 4; lastKnownFileType = sourcecode.swift; path = ColorPickerViewController.swift; sourceTree = "<group>"; };
		4E83B7EF28E5A259004DE475 /* DatePickerViewController.swift */ = {isa = PBXFileReference; fileEncoding = 4; lastKnownFileType = sourcecode.swift; path = DatePickerViewController.swift; sourceTree = "<group>"; };
		4E83B7F128E5A259004DE475 /* ImagePickerViewController.swift */ = {isa = PBXFileReference; fileEncoding = 4; lastKnownFileType = sourcecode.swift; path = ImagePickerViewController.swift; sourceTree = "<group>"; };
		4E83B7F328E5A259004DE475 /* ItemWithImage.swift */ = {isa = PBXFileReference; fileEncoding = 4; lastKnownFileType = sourcecode.swift; path = ItemWithImage.swift; sourceTree = "<group>"; };
		4E83B7F628E5A259004DE475 /* PhotoLayout.swift */ = {isa = PBXFileReference; fileEncoding = 4; lastKnownFileType = sourcecode.swift; path = PhotoLayout.swift; sourceTree = "<group>"; };
		4E83B7F728E5A259004DE475 /* TelegramPickerViewController.swift */ = {isa = PBXFileReference; fileEncoding = 4; lastKnownFileType = sourcecode.swift; path = TelegramPickerViewController.swift; sourceTree = "<group>"; };
		4E83B7F928E5A259004DE475 /* ItemWithPhoto.swift */ = {isa = PBXFileReference; fileEncoding = 4; lastKnownFileType = sourcecode.swift; path = ItemWithPhoto.swift; sourceTree = "<group>"; };
		4E83B7FA28E5A259004DE475 /* LikeButtonCell.swift */ = {isa = PBXFileReference; fileEncoding = 4; lastKnownFileType = sourcecode.swift; path = LikeButtonCell.swift; sourceTree = "<group>"; };
		4E83B81828E5A45A004DE475 /* TextViewController.swift */ = {isa = PBXFileReference; fileEncoding = 4; lastKnownFileType = sourcecode.swift; path = TextViewController.swift; sourceTree = "<group>"; };
		4E83B81A28E5A46F004DE475 /* AttributedTextBlock.swift */ = {isa = PBXFileReference; fileEncoding = 4; lastKnownFileType = sourcecode.swift; path = AttributedTextBlock.swift; sourceTree = "<group>"; };
		4E83B81C28E5A7DA004DE475 /* TypeOneCell.swift */ = {isa = PBXFileReference; fileEncoding = 4; lastKnownFileType = sourcecode.swift; path = TypeOneCell.swift; sourceTree = "<group>"; };
		4E83B81E28E5A8BA004DE475 /* VegaScrollFlowLayout.swift */ = {isa = PBXFileReference; fileEncoding = 4; lastKnownFileType = sourcecode.swift; path = VegaScrollFlowLayout.swift; sourceTree = "<group>"; };
		4E83B82028E5BF34004DE475 /* ColorPickerViewController.storyboard */ = {isa = PBXFileReference; lastKnownFileType = file.storyboard; path = ColorPickerViewController.storyboard; sourceTree = "<group>"; };
		4E83B82628E74C01004DE475 /* WFAlertController.swift */ = {isa = PBXFileReference; lastKnownFileType = sourcecode.swift; path = WFAlertController.swift; sourceTree = "<group>"; };
		4E83B82B28E88046004DE475 /* SwiftHeader.swift */ = {isa = PBXFileReference; lastKnownFileType = sourcecode.swift; path = SwiftHeader.swift; sourceTree = "<group>"; };
		4EBA3AB028E17243003517B4 /* AdcancedOperstors.playground */ = {isa = PBXFileReference; lastKnownFileType = file.playground; path = AdcancedOperstors.playground; sourceTree = "<group>"; xcLanguageSpecificationIdentifier = xcode.lang.swift; };
		4EBA3AB128E2D529003517B4 /* ClassAndStruct.playground */ = {isa = PBXFileReference; lastKnownFileType = file.playground; path = ClassAndStruct.playground; sourceTree = "<group>"; xcLanguageSpecificationIdentifier = xcode.lang.swift; };
		4EBA3AB328E2D5A4003517B4 /* MyPlayground.playground */ = {isa = PBXFileReference; lastKnownFileType = file.playground; path = MyPlayground.playground; sourceTree = "<group>"; xcLanguageSpecificationIdentifier = xcode.lang.swift; };
		4EBA3AB428E41C7A003517B4 /* TypeCastAndGenerics.playground */ = {isa = PBXFileReference; lastKnownFileType = file.playground; path = TypeCastAndGenerics.playground; sourceTree = "<group>"; xcLanguageSpecificationIdentifier = xcode.lang.swift; };
		4EBA3AB528E4A643003517B4 /* SimpleViewController.swift */ = {isa = PBXFileReference; lastKnownFileType = sourcecode.swift; path = SimpleViewController.swift; sourceTree = "<group>"; };
		4EBA3AB728E4AC33003517B4 /* SimpleCell.swift */ = {isa = PBXFileReference; lastKnownFileType = sourcecode.swift; path = SimpleCell.swift; sourceTree = "<group>"; };
		7C374A3A2464239F0071FD50 /* TestMapViewController.swift */ = {isa = PBXFileReference; lastKnownFileType = sourcecode.swift; path = TestMapViewController.swift; sourceTree = "<group>"; };
		7C374A3C246431FC0071FD50 /* Artwork.swift */ = {isa = PBXFileReference; fileEncoding = 4; lastKnownFileType = sourcecode.swift; path = Artwork.swift; sourceTree = "<group>"; };
		7C41F3002653F5EE00CFE788 /* ResearchViewController.swift */ = {isa = PBXFileReference; lastKnownFileType = sourcecode.swift; path = ResearchViewController.swift; sourceTree = "<group>"; };
		7C650CD3243CD62F00726BA4 /* SwiftStudy.app */ = {isa = PBXFileReference; explicitFileType = wrapper.application; includeInIndex = 0; path = SwiftStudy.app; sourceTree = BUILT_PRODUCTS_DIR; };
		7C650CD6243CD62F00726BA4 /* AppDelegate.swift */ = {isa = PBXFileReference; lastKnownFileType = sourcecode.swift; path = AppDelegate.swift; sourceTree = "<group>"; };
		7C650CD8243CD62F00726BA4 /* SceneDelegate.swift */ = {isa = PBXFileReference; lastKnownFileType = sourcecode.swift; path = SceneDelegate.swift; sourceTree = "<group>"; };
		7C650CDF243CD63100726BA4 /* Assets.xcassets */ = {isa = PBXFileReference; lastKnownFileType = folder.assetcatalog; path = Assets.xcassets; sourceTree = "<group>"; };
		7C650CE2243CD63100726BA4 /* Base */ = {isa = PBXFileReference; lastKnownFileType = file.storyboard; name = Base; path = Base.lproj/LaunchScreen.storyboard; sourceTree = "<group>"; };
		7C650CE4243CD63100726BA4 /* Info.plist */ = {isa = PBXFileReference; lastKnownFileType = text.plist.xml; path = Info.plist; sourceTree = "<group>"; };
		7C81CE7C243E150400C1A60E /* MainTabBarController.swift */ = {isa = PBXFileReference; fileEncoding = 4; lastKnownFileType = sourcecode.swift; path = MainTabBarController.swift; sourceTree = "<group>"; };
		7C81CE7F243E150400C1A60E /* ThirdViewController.swift */ = {isa = PBXFileReference; fileEncoding = 4; lastKnownFileType = sourcecode.swift; path = ThirdViewController.swift; sourceTree = "<group>"; };
		7C81CE80243E150400C1A60E /* FifthViewController.swift */ = {isa = PBXFileReference; fileEncoding = 4; lastKnownFileType = sourcecode.swift; path = FifthViewController.swift; sourceTree = "<group>"; };
		7C81CE81243E150400C1A60E /* FourthViewController.swift */ = {isa = PBXFileReference; fileEncoding = 4; lastKnownFileType = sourcecode.swift; path = FourthViewController.swift; sourceTree = "<group>"; };
		7C81CE82243E150400C1A60E /* SecondViewController.swift */ = {isa = PBXFileReference; fileEncoding = 4; lastKnownFileType = sourcecode.swift; path = SecondViewController.swift; sourceTree = "<group>"; };
		7C81CE8C243E178900C1A60E /* BaseViewController.swift */ = {isa = PBXFileReference; lastKnownFileType = sourcecode.swift; path = BaseViewController.swift; sourceTree = "<group>"; };
		7C81CE8E243E1B4600C1A60E /* ViewDetailPage.swift */ = {isa = PBXFileReference; lastKnownFileType = sourcecode.swift; path = ViewDetailPage.swift; sourceTree = "<group>"; };
		7C81CE93243E1D8800C1A60E /* BaseNavigationController.swift */ = {isa = PBXFileReference; fileEncoding = 4; lastKnownFileType = sourcecode.swift; path = BaseNavigationController.swift; sourceTree = "<group>"; };
		7C81CE96243E1DB200C1A60E /* Const.swift */ = {isa = PBXFileReference; fileEncoding = 4; lastKnownFileType = sourcecode.swift; path = Const.swift; sourceTree = "<group>"; };
		7C81CE99243F418200C1A60E /* WFListInfoModel.swift */ = {isa = PBXFileReference; fileEncoding = 4; lastKnownFileType = sourcecode.swift; path = WFListInfoModel.swift; sourceTree = "<group>"; };
		7C81CE9B243F419700C1A60E /* UIVIewCreate.swift */ = {isa = PBXFileReference; fileEncoding = 4; lastKnownFileType = sourcecode.swift; path = UIVIewCreate.swift; sourceTree = "<group>"; };
		7C81CEA02440979800C1A60E /* WFCommonCell.swift */ = {isa = PBXFileReference; fileEncoding = 4; lastKnownFileType = sourcecode.swift; path = WFCommonCell.swift; sourceTree = "<group>"; };
		7C81CEA12440979800C1A60E /* HomeCollectionViewCell.swift */ = {isa = PBXFileReference; fileEncoding = 4; lastKnownFileType = sourcecode.swift; path = HomeCollectionViewCell.swift; sourceTree = "<group>"; };
		7C81CEA4244097C700C1A60E /* CheckString.swift */ = {isa = PBXFileReference; fileEncoding = 4; lastKnownFileType = sourcecode.swift; path = CheckString.swift; sourceTree = "<group>"; };
		7C81CEA62440987800C1A60E /* ViewController.swift */ = {isa = PBXFileReference; fileEncoding = 4; lastKnownFileType = sourcecode.swift; path = ViewController.swift; sourceTree = "<group>"; };
		7C81CEA82440B44900C1A60E /* UIColorCreate.swift */ = {isa = PBXFileReference; lastKnownFileType = sourcecode.swift; path = UIColorCreate.swift; sourceTree = "<group>"; };
		7C81CEAA2441948D00C1A60E /* WFRequestDataLoader.swift */ = {isa = PBXFileReference; lastKnownFileType = sourcecode.swift; path = WFRequestDataLoader.swift; sourceTree = "<group>"; };
		7C81CEAC24419A4F00C1A60E /* Alamofire.framework */ = {isa = PBXFileReference; explicitFileType = wrapper.framework; path = Alamofire.framework; sourceTree = BUILT_PRODUCTS_DIR; };
		7C81CEAE24419E4300C1A60E /* Alamofire.framework */ = {isa = PBXFileReference; explicitFileType = wrapper.framework; path = Alamofire.framework; sourceTree = BUILT_PRODUCTS_DIR; };
		7C81CEB524419F4A00C1A60E /* Alamofire.framework */ = {isa = PBXFileReference; explicitFileType = wrapper.framework; path = Alamofire.framework; sourceTree = BUILT_PRODUCTS_DIR; };
		7CA333FD2441A64E00AFE87C /* HomeListModel.swift */ = {isa = PBXFileReference; lastKnownFileType = sourcecode.swift; path = HomeListModel.swift; sourceTree = "<group>"; };
		7CA3365024434C6900AFE87C /* swift-Bridge-Objective-C.h */ = {isa = PBXFileReference; lastKnownFileType = sourcecode.c.h; path = "swift-Bridge-Objective-C.h"; sourceTree = "<group>"; };
		7CA3365A2445EEA200AFE87C /* DateFormatterFunc.swift */ = {isa = PBXFileReference; lastKnownFileType = sourcecode.swift; path = DateFormatterFunc.swift; sourceTree = "<group>"; };
		7CA3365C24474D2B00AFE87C /* BaseWebViewController.swift */ = {isa = PBXFileReference; fileEncoding = 4; lastKnownFileType = sourcecode.swift; path = BaseWebViewController.swift; sourceTree = "<group>"; };
		7CB0C32B2449D4220060F38C /* WeChatTableHeaderView.swift */ = {isa = PBXFileReference; fileEncoding = 4; lastKnownFileType = sourcecode.swift; path = WeChatTableHeaderView.swift; sourceTree = "<group>"; };
		7CB0C32D2449D4220060F38C /* WCRefreshHeaderAnimator.swift */ = {isa = PBXFileReference; fileEncoding = 4; lastKnownFileType = sourcecode.swift; path = WCRefreshHeaderAnimator.swift; sourceTree = "<group>"; };
		7CB0C32F2449D4220060F38C /* MTRefreshFooterAnimator.swift */ = {isa = PBXFileReference; fileEncoding = 4; lastKnownFileType = sourcecode.swift; path = MTRefreshFooterAnimator.swift; sourceTree = "<group>"; };
		7CB0C3302449D4220060F38C /* MTRefreshHeaderAnimator.swift */ = {isa = PBXFileReference; fileEncoding = 4; lastKnownFileType = sourcecode.swift; path = MTRefreshHeaderAnimator.swift; sourceTree = "<group>"; };
		7CB0C3342449D4220060F38C /* ESRefreshDayHeaderAnimator.swift */ = {isa = PBXFileReference; fileEncoding = 4; lastKnownFileType = sourcecode.swift; path = ESRefreshDayHeaderAnimator.swift; sourceTree = "<group>"; };
		7CB0C33F244AAAEE0060F38C /* Student.swift */ = {isa = PBXFileReference; lastKnownFileType = sourcecode.swift; path = Student.swift; sourceTree = "<group>"; };
		7CB0C342244DED400060F38C /* CenterSegmentView.swift */ = {isa = PBXFileReference; fileEncoding = 4; lastKnownFileType = sourcecode.swift; path = CenterSegmentView.swift; sourceTree = "<group>"; };
		7CB0C345244E011A0060F38C /* WFNavigation.swift */ = {isa = PBXFileReference; lastKnownFileType = sourcecode.swift; path = WFNavigation.swift; sourceTree = "<group>"; };
		7CB0C34A244F2B180060F38C /* LoginViewController.swift */ = {isa = PBXFileReference; lastKnownFileType = sourcecode.swift; path = LoginViewController.swift; sourceTree = "<group>"; };
		7CB0C34C24508A540060F38C /* WFTableViewController.swift */ = {isa = PBXFileReference; lastKnownFileType = sourcecode.swift; path = WFTableViewController.swift; sourceTree = "<group>"; };
		7CB0C34E245093960060F38C /* WFBaseTableView.swift */ = {isa = PBXFileReference; lastKnownFileType = sourcecode.swift; path = WFBaseTableView.swift; sourceTree = "<group>"; };
		7CB0C3502450A8430060F38C /* SimpleWFTableViewController.swift */ = {isa = PBXFileReference; lastKnownFileType = sourcecode.swift; path = SimpleWFTableViewController.swift; sourceTree = "<group>"; };
		7CB0C3532453D8970060F38C /* HawaiiViewController.swift */ = {isa = PBXFileReference; lastKnownFileType = sourcecode.swift; path = HawaiiViewController.swift; sourceTree = "<group>"; };
		C590DF9111579CB68F8B8FFD /* Pods-SwiftStudy.release.xcconfig */ = {isa = PBXFileReference; includeInIndex = 1; lastKnownFileType = text.xcconfig; name = "Pods-SwiftStudy.release.xcconfig"; path = "Target Support Files/Pods-SwiftStudy/Pods-SwiftStudy.release.xcconfig"; sourceTree = "<group>"; };
		D3F6EB4E2457BCAC00A1AAA9 /* Main.storyboard */ = {isa = PBXFileReference; fileEncoding = 4; lastKnownFileType = file.storyboard; path = Main.storyboard; sourceTree = "<group>"; };
		FADC8EDB3850A28DDDF4CAA7 /* Pods-SwiftStudy.debug.xcconfig */ = {isa = PBXFileReference; includeInIndex = 1; lastKnownFileType = text.xcconfig; name = "Pods-SwiftStudy.debug.xcconfig"; path = "Target Support Files/Pods-SwiftStudy/Pods-SwiftStudy.debug.xcconfig"; sourceTree = "<group>"; };
/* End PBXFileReference section */

/* Begin PBXFrameworksBuildPhase section */
		7C650CD0243CD62F00726BA4 /* Frameworks */ = {
			isa = PBXFrameworksBuildPhase;
			buildActionMask = 2147483647;
			files = (
				F4AD3D6D187A33F7D48F6479 /* Pods_SwiftStudy.framework in Frameworks */,
			);
			runOnlyForDeploymentPostprocessing = 0;
		};
/* End PBXFrameworksBuildPhase section */

/* Begin PBXGroup section */
		4E83B78928E5306C004DE475 /* Network */ = {
			isa = PBXGroup;
			children = (
				4E83B78A28E53099004DE475 /* WFNetworkTool.swift */,
			);
			path = Network;
			sourceTree = "<group>";
		};
		4E83B78C28E53191004DE475 /* common */ = {
			isa = PBXGroup;
			children = (
				4E83B7C728E5A259004DE475 /* Pickers */,
				4E83B79A28E5A0A1004DE475 /* Extensions */,
				4E83B79028E55851004DE475 /* WFPageControl */,
				4E83B78D28E531DD004DE475 /* UI */,
				4E83B78928E5306C004DE475 /* Network */,
			);
			path = common;
			sourceTree = "<group>";
		};
		4E83B78D28E531DD004DE475 /* UI */ = {
			isa = PBXGroup;
			children = (
				4E83B7BF28E5A220004DE475 /* Button.swift */,
				4E83B7BD28E5A220004DE475 /* GradientSlider.swift */,
				4E83B7BE28E5A220004DE475 /* Label.swift */,
				4E83B7C028E5A220004DE475 /* SegmentedControl.swift */,
				4E83B7C128E5A220004DE475 /* TextField.swift */,
				4E83B78E28E53216004DE475 /* WFInitializer.swift */,
				4E83B82628E74C01004DE475 /* WFAlertController.swift */,
			);
			path = UI;
			sourceTree = "<group>";
		};
		4E83B79028E55851004DE475 /* WFPageControl */ = {
			isa = PBXGroup;
			children = (
				4E83B79128E55874004DE475 /* WFPageControl.swift */,
				4E83B79328E55A70004DE475 /* WEIPageControl.swift */,
			);
			path = WFPageControl;
			sourceTree = "<group>";
		};
		4E83B79728E56B98004DE475 /* practiceController */ = {
			isa = PBXGroup;
			children = (
				4E83B79828E56CF8004DE475 /* InteractionViewController.swift */,
			);
			path = practiceController;
			sourceTree = "<group>";
		};
		4E83B79A28E5A0A1004DE475 /* Extensions */ = {
			isa = PBXGroup;
			children = (
				4E83B79C28E5A0A1004DE475 /* UISegmentedControl+Extensions.swift */,
				4E83B79D28E5A0A1004DE475 /* UIImageView+Extensions.swift */,
				4E83B79F28E5A0A1004DE475 /* UIView+Extensions.swift */,
				4E83B7A028E5A0A1004DE475 /* Date+Extension.swift */,
				4E83B7A528E5A0A1004DE475 /* UISearchBar+Extensions.swift */,
				4E83B7A828E5A0A1004DE475 /* Optional+Extensions.swift */,
				4E83B7AA28E5A0A1004DE475 /* Locale+Extensions.swift */,
			);
			path = Extensions;
			sourceTree = "<group>";
		};
		4E83B7C728E5A259004DE475 /* Pickers */ = {
			isa = PBXGroup;
			children = (
				4E83B7C828E5A259004DE475 /* Locale */,
				4E83B7D328E5A259004DE475 /* TextFields */,
				4E83B7D628E5A259004DE475 /* PhotoLibrary */,
				4E83B7DA28E5A259004DE475 /* Location */,
				4E83B7E228E5A259004DE475 /* PickerView */,
				4E83B7E428E5A259004DE475 /* Contacts */,
				4E83B7EC28E5A259004DE475 /* Color */,
				4E83B7EE28E5A259004DE475 /* Date */,
				4E83B7F028E5A259004DE475 /* Image */,
				4E83B7F428E5A259004DE475 /* Telegram */,
			);
			path = Pickers;
			sourceTree = "<group>";
		};
		4E83B7C828E5A259004DE475 /* Locale */ = {
			isa = PBXGroup;
			children = (
				4E83B7C928E5A259004DE475 /* Countries.bundle */,
				4E83B7CA28E5A259004DE475 /* Managers */,
				4E83B7CC28E5A259004DE475 /* Models */,
				4E83B7CE28E5A259004DE475 /* LocalePickerViewController.swift */,
				4E83B7CF28E5A259004DE475 /* Views */,
			);
			path = Locale;
			sourceTree = "<group>";
		};
		4E83B7CA28E5A259004DE475 /* Managers */ = {
			isa = PBXGroup;
			children = (
				4E83B7CB28E5A259004DE475 /* LocaleStore.swift */,
			);
			path = Managers;
			sourceTree = "<group>";
		};
		4E83B7CC28E5A259004DE475 /* Models */ = {
			isa = PBXGroup;
			children = (
				4E83B7CD28E5A259004DE475 /* LocaleInfo.swift */,
			);
			path = Models;
			sourceTree = "<group>";
		};
		4E83B7CF28E5A259004DE475 /* Views */ = {
			isa = PBXGroup;
			children = (
				4E83B7D028E5A259004DE475 /* PhoneCodeCell.swift */,
				4E83B7D128E5A259004DE475 /* CurrencyCell.swift */,
				4E83B7D228E5A259004DE475 /* CountryCell.swift */,
			);
			path = Views;
			sourceTree = "<group>";
		};
		4E83B7D328E5A259004DE475 /* TextFields */ = {
			isa = PBXGroup;
			children = (
				4E83B7D528E5A259004DE475 /* OneTextFieldViewController.swift */,
				4E83B7D428E5A259004DE475 /* TwoTextFieldsViewController.swift */,
				4E83B81A28E5A46F004DE475 /* AttributedTextBlock.swift */,
				4E83B81828E5A45A004DE475 /* TextViewController.swift */,
			);
			path = TextFields;
			sourceTree = "<group>";
		};
		4E83B7D628E5A259004DE475 /* PhotoLibrary */ = {
			isa = PBXGroup;
			children = (
				4E83B7D728E5A259004DE475 /* Managers */,
				4E83B7D928E5A259004DE475 /* PhotoLibraryPickerViewController.swift */,
			);
			path = PhotoLibrary;
			sourceTree = "<group>";
		};
		4E83B7D728E5A259004DE475 /* Managers */ = {
			isa = PBXGroup;
			children = (
				4E83B7D828E5A259004DE475 /* Assets.swift */,
			);
			path = Managers;
			sourceTree = "<group>";
		};
		4E83B7DA28E5A259004DE475 /* Location */ = {
			isa = PBXGroup;
			children = (
				4E83B7DB28E5A259004DE475 /* LocationSearchResultsViewController.swift */,
				4E83B7DC28E5A259004DE475 /* LocationPickerViewController.swift */,
				4E83B7DD28E5A259004DE475 /* Managers */,
				4E83B7DF28E5A259004DE475 /* Models */,
			);
			path = Location;
			sourceTree = "<group>";
		};
		4E83B7DD28E5A259004DE475 /* Managers */ = {
			isa = PBXGroup;
			children = (
				4E83B7DE28E5A259004DE475 /* SearchHistoryManager.swift */,
			);
			path = Managers;
			sourceTree = "<group>";
		};
		4E83B7DF28E5A259004DE475 /* Models */ = {
			isa = PBXGroup;
			children = (
				4E83B7E028E5A259004DE475 /* Location.swift */,
				4E83B7E128E5A259004DE475 /* Address.swift */,
			);
			path = Models;
			sourceTree = "<group>";
		};
		4E83B7E228E5A259004DE475 /* PickerView */ = {
			isa = PBXGroup;
			children = (
				4E83B7E328E5A259004DE475 /* PickerViewViewController.swift */,
			);
			path = PickerView;
			sourceTree = "<group>";
		};
		4E83B7E428E5A259004DE475 /* Contacts */ = {
			isa = PBXGroup;
			children = (
				4E83B7E528E5A259004DE475 /* ContactsPickerViewController.swift */,
				4E83B7E628E5A259004DE475 /* Managers */,
				4E83B7E828E5A259004DE475 /* Models */,
				4E83B7EA28E5A259004DE475 /* Views */,
			);
			path = Contacts;
			sourceTree = "<group>";
		};
		4E83B7E628E5A259004DE475 /* Managers */ = {
			isa = PBXGroup;
			children = (
				4E83B7E728E5A259004DE475 /* Contacts.swift */,
			);
			path = Managers;
			sourceTree = "<group>";
		};
		4E83B7E828E5A259004DE475 /* Models */ = {
			isa = PBXGroup;
			children = (
				4E83B7E928E5A259004DE475 /* Contact.swift */,
			);
			path = Models;
			sourceTree = "<group>";
		};
		4E83B7EA28E5A259004DE475 /* Views */ = {
			isa = PBXGroup;
			children = (
				4E83B7EB28E5A259004DE475 /* ContactCell.swift */,
			);
			path = Views;
			sourceTree = "<group>";
		};
		4E83B7EC28E5A259004DE475 /* Color */ = {
			isa = PBXGroup;
			children = (
				4E83B7ED28E5A259004DE475 /* ColorPickerViewController.swift */,
				4E83B82028E5BF34004DE475 /* ColorPickerViewController.storyboard */,
			);
			path = Color;
			sourceTree = "<group>";
		};
		4E83B7EE28E5A259004DE475 /* Date */ = {
			isa = PBXGroup;
			children = (
				4E83B7EF28E5A259004DE475 /* DatePickerViewController.swift */,
			);
			path = Date;
			sourceTree = "<group>";
		};
		4E83B7F028E5A259004DE475 /* Image */ = {
			isa = PBXGroup;
			children = (
				4E83B7F128E5A259004DE475 /* ImagePickerViewController.swift */,
				4E83B7F228E5A259004DE475 /* Views */,
			);
			path = Image;
			sourceTree = "<group>";
		};
		4E83B7F228E5A259004DE475 /* Views */ = {
			isa = PBXGroup;
			children = (
				4E83B7F328E5A259004DE475 /* ItemWithImage.swift */,
			);
			path = Views;
			sourceTree = "<group>";
		};
		4E83B7F428E5A259004DE475 /* Telegram */ = {
			isa = PBXGroup;
			children = (
				4E83B7F528E5A259004DE475 /* Layouts */,
				4E83B7F728E5A259004DE475 /* TelegramPickerViewController.swift */,
				4E83B7F828E5A259004DE475 /* Views */,
			);
			path = Telegram;
			sourceTree = "<group>";
		};
		4E83B7F528E5A259004DE475 /* Layouts */ = {
			isa = PBXGroup;
			children = (
				4E83B7F628E5A259004DE475 /* PhotoLayout.swift */,
			);
			path = Layouts;
			sourceTree = "<group>";
		};
		4E83B7F828E5A259004DE475 /* Views */ = {
			isa = PBXGroup;
			children = (
				4E83B7F928E5A259004DE475 /* ItemWithPhoto.swift */,
				4E83B7FA28E5A259004DE475 /* LikeButtonCell.swift */,
			);
			path = Views;
			sourceTree = "<group>";
		};
		5FF9605A60AFFD05725FCD90 /* Pods */ = {
			isa = PBXGroup;
			children = (
				FADC8EDB3850A28DDDF4CAA7 /* Pods-SwiftStudy.debug.xcconfig */,
				C590DF9111579CB68F8B8FFD /* Pods-SwiftStudy.release.xcconfig */,
			);
			path = Pods;
			sourceTree = "<group>";
		};
		7799F228E9C4C7289C7A91E0 /* Frameworks */ = {
			isa = PBXGroup;
			children = (
				7C81CEB524419F4A00C1A60E /* Alamofire.framework */,
				7C81CEAE24419E4300C1A60E /* Alamofire.framework */,
				7C81CEAC24419A4F00C1A60E /* Alamofire.framework */,
				115838D90EDF717F28A10213 /* Pods_SwiftStudy.framework */,
			);
			name = Frameworks;
			sourceTree = "<group>";
		};
		7C41F2FF2653F59F00CFE788 /* WFResearch */ = {
			isa = PBXGroup;
			children = (
				7C41F3002653F5EE00CFE788 /* ResearchViewController.swift */,
			);
			path = WFResearch;
			sourceTree = "<group>";
		};
		7C650CCA243CD62F00726BA4 = {
			isa = PBXGroup;
			children = (
				4EBA3AB428E41C7A003517B4 /* TypeCastAndGenerics.playground */,
				4EBA3AB328E2D5A4003517B4 /* MyPlayground.playground */,
				4EBA3AB128E2D529003517B4 /* ClassAndStruct.playground */,
				4EBA3AB028E17243003517B4 /* AdcancedOperstors.playground */,
				7CA3364C244348AC00AFE87C /* Bridge */,
				7C650CD5243CD62F00726BA4 /* SwiftStudy */,
				7C650CD4243CD62F00726BA4 /* Products */,
				5FF9605A60AFFD05725FCD90 /* Pods */,
				7799F228E9C4C7289C7A91E0 /* Frameworks */,
			);
			sourceTree = "<group>";
		};
		7C650CD4243CD62F00726BA4 /* Products */ = {
			isa = PBXGroup;
			children = (
				7C650CD3243CD62F00726BA4 /* SwiftStudy.app */,
			);
			name = Products;
			sourceTree = "<group>";
		};
		7C650CD5243CD62F00726BA4 /* SwiftStudy */ = {
			isa = PBXGroup;
			children = (
				4E83B78C28E53191004DE475 /* common */,
				7C41F2FF2653F59F00CFE788 /* WFResearch */,
				7CB0C344244E010A0060F38C /* Navigator */,
				7CB0C341244DED3A0060F38C /* SegmentVC */,
				7CB0C3292449D4220060F38C /* RefreshAnimator */,
				7C81CE9F2440979800C1A60E /* View */,
				7C81CE98243F418200C1A60E /* Model */,
				7C81CE95243E1DB200C1A60E /* Util */,
				7C81CE92243E1D8800C1A60E /* BaseNavigationController */,
				7C81CE8B243E177600C1A60E /* BaseViewController */,
				7C81CE7B243E150400C1A60E /* TabBarController */,
				7C81CE7D243E150400C1A60E /* ViewController */,
				7C650CD6243CD62F00726BA4 /* AppDelegate.swift */,
				7C650CD8243CD62F00726BA4 /* SceneDelegate.swift */,
				4E83B82B28E88046004DE475 /* SwiftHeader.swift */,
				7C650CDF243CD63100726BA4 /* Assets.xcassets */,
				D3F6EB4E2457BCAC00A1AAA9 /* Main.storyboard */,
				7C650CE1243CD63100726BA4 /* LaunchScreen.storyboard */,
				7C650CE4243CD63100726BA4 /* Info.plist */,
			);
			path = SwiftStudy;
			sourceTree = "<group>";
		};
		7C81CE7B243E150400C1A60E /* TabBarController */ = {
			isa = PBXGroup;
			children = (
				7C81CE7C243E150400C1A60E /* MainTabBarController.swift */,
			);
			path = TabBarController;
			sourceTree = "<group>";
		};
		7C81CE7D243E150400C1A60E /* ViewController */ = {
			isa = PBXGroup;
			children = (
				4E83B79728E56B98004DE475 /* practiceController */,
				7C81CEA62440987800C1A60E /* ViewController.swift */,
				7C81CE8E243E1B4600C1A60E /* ViewDetailPage.swift */,
				7C374A3C246431FC0071FD50 /* Artwork.swift */,
				7C374A3A2464239F0071FD50 /* TestMapViewController.swift */,
				7C81CE7F243E150400C1A60E /* ThirdViewController.swift */,
				7C81CE80243E150400C1A60E /* FifthViewController.swift */,
				7C81CE81243E150400C1A60E /* FourthViewController.swift */,
				7C81CE82243E150400C1A60E /* SecondViewController.swift */,
				7CB0C34A244F2B180060F38C /* LoginViewController.swift */,
				7CB0C3502450A8430060F38C /* SimpleWFTableViewController.swift */,
				7CB0C3532453D8970060F38C /* HawaiiViewController.swift */,
				4EBA3AB528E4A643003517B4 /* SimpleViewController.swift */,
				4E83B79528E55B97004DE475 /* PageViewController.swift */,
			);
			path = ViewController;
			sourceTree = "<group>";
		};
		7C81CE8B243E177600C1A60E /* BaseViewController */ = {
			isa = PBXGroup;
			children = (
				7CA3365C24474D2B00AFE87C /* BaseWebViewController.swift */,
				7C81CE8C243E178900C1A60E /* BaseViewController.swift */,
				7CB0C34E245093960060F38C /* WFBaseTableView.swift */,
				7CB0C34C24508A540060F38C /* WFTableViewController.swift */,
			);
			path = BaseViewController;
			sourceTree = "<group>";
		};
		7C81CE92243E1D8800C1A60E /* BaseNavigationController */ = {
			isa = PBXGroup;
			children = (
				7C81CE93243E1D8800C1A60E /* BaseNavigationController.swift */,
			);
			path = BaseNavigationController;
			sourceTree = "<group>";
		};
		7C81CE95243E1DB200C1A60E /* Util */ = {
			isa = PBXGroup;
			children = (
				7C81CEA4244097C700C1A60E /* CheckString.swift */,
				7C81CE96243E1DB200C1A60E /* Const.swift */,
				7C81CE9B243F419700C1A60E /* UIVIewCreate.swift */,
				7C81CEA82440B44900C1A60E /* UIColorCreate.swift */,
				7C81CEAA2441948D00C1A60E /* WFRequestDataLoader.swift */,
				7CA3365A2445EEA200AFE87C /* DateFormatterFunc.swift */,
			);
			path = Util;
			sourceTree = "<group>";
		};
		7C81CE98243F418200C1A60E /* Model */ = {
			isa = PBXGroup;
			children = (
				7C81CE99243F418200C1A60E /* WFListInfoModel.swift */,
				7CA333FD2441A64E00AFE87C /* HomeListModel.swift */,
				7CB0C33F244AAAEE0060F38C /* Student.swift */,
			);
			path = Model;
			sourceTree = "<group>";
		};
		7C81CE9F2440979800C1A60E /* View */ = {
			isa = PBXGroup;
			children = (
				4E83B81E28E5A8BA004DE475 /* VegaScrollFlowLayout.swift */,
				4E83B81C28E5A7DA004DE475 /* TypeOneCell.swift */,
				7C81CEA02440979800C1A60E /* WFCommonCell.swift */,
				7C81CEA12440979800C1A60E /* HomeCollectionViewCell.swift */,
				4EBA3AB728E4AC33003517B4 /* SimpleCell.swift */,
			);
			path = View;
			sourceTree = "<group>";
		};
		7CA3364C244348AC00AFE87C /* Bridge */ = {
			isa = PBXGroup;
			children = (
				7CA3365024434C6900AFE87C /* swift-Bridge-Objective-C.h */,
			);
			path = Bridge;
			sourceTree = "<group>";
		};
		7CB0C3292449D4220060F38C /* RefreshAnimator */ = {
			isa = PBXGroup;
			children = (
				7CB0C32A2449D4220060F38C /* WeChat */,
				7CB0C32E2449D4220060F38C /* Meituan */,
				7CB0C3322449D4220060F38C /* Day */,
			);
			path = RefreshAnimator;
			sourceTree = "<group>";
		};
		7CB0C32A2449D4220060F38C /* WeChat */ = {
			isa = PBXGroup;
			children = (
				7CB0C32B2449D4220060F38C /* WeChatTableHeaderView.swift */,
				7CB0C32D2449D4220060F38C /* WCRefreshHeaderAnimator.swift */,
			);
			path = WeChat;
			sourceTree = "<group>";
		};
		7CB0C32E2449D4220060F38C /* Meituan */ = {
			isa = PBXGroup;
			children = (
				7CB0C32F2449D4220060F38C /* MTRefreshFooterAnimator.swift */,
				7CB0C3302449D4220060F38C /* MTRefreshHeaderAnimator.swift */,
			);
			path = Meituan;
			sourceTree = "<group>";
		};
		7CB0C3322449D4220060F38C /* Day */ = {
			isa = PBXGroup;
			children = (
				7CB0C3342449D4220060F38C /* ESRefreshDayHeaderAnimator.swift */,
			);
			path = Day;
			sourceTree = "<group>";
		};
		7CB0C341244DED3A0060F38C /* SegmentVC */ = {
			isa = PBXGroup;
			children = (
				7CB0C342244DED400060F38C /* CenterSegmentView.swift */,
			);
			path = SegmentVC;
			sourceTree = "<group>";
		};
		7CB0C344244E010A0060F38C /* Navigator */ = {
			isa = PBXGroup;
			children = (
				7CB0C345244E011A0060F38C /* WFNavigation.swift */,
			);
			path = Navigator;
			sourceTree = "<group>";
		};
/* End PBXGroup section */

/* Begin PBXNativeTarget section */
		7C650CD2243CD62F00726BA4 /* SwiftStudy */ = {
			isa = PBXNativeTarget;
			buildConfigurationList = 7C650CFD243CD63200726BA4 /* Build configuration list for PBXNativeTarget "SwiftStudy" */;
			buildPhases = (
				F72C5EAFE720BB9E32F84246 /* [CP] Check Pods Manifest.lock */,
				7C650CCF243CD62F00726BA4 /* Sources */,
				7C650CD0243CD62F00726BA4 /* Frameworks */,
				7C650CD1243CD62F00726BA4 /* Resources */,
				A3C12543914C64D3E1CB1303 /* [CP] Embed Pods Frameworks */,
			);
			buildRules = (
			);
			dependencies = (
			);
			name = SwiftStudy;
			productName = SwiftStudy;
			productReference = 7C650CD3243CD62F00726BA4 /* SwiftStudy.app */;
			productType = "com.apple.product-type.application";
		};
/* End PBXNativeTarget section */

/* Begin PBXProject section */
		7C650CCB243CD62F00726BA4 /* Project object */ = {
			isa = PBXProject;
			attributes = {
				LastSwiftUpdateCheck = 1140;
				LastUpgradeCheck = 1140;
				ORGANIZATIONNAME = HZW;
				TargetAttributes = {
					7C650CD2243CD62F00726BA4 = {
						CreatedOnToolsVersion = 11.4;
					};
				};
			};
			buildConfigurationList = 7C650CCE243CD62F00726BA4 /* Build configuration list for PBXProject "SwiftStudy" */;
			compatibilityVersion = "Xcode 9.3";
			developmentRegion = en;
			hasScannedForEncodings = 0;
			knownRegions = (
				en,
				Base,
			);
			mainGroup = 7C650CCA243CD62F00726BA4;
			productRefGroup = 7C650CD4243CD62F00726BA4 /* Products */;
			projectDirPath = "";
			projectRoot = "";
			targets = (
				7C650CD2243CD62F00726BA4 /* SwiftStudy */,
			);
		};
/* End PBXProject section */

/* Begin PBXResourcesBuildPhase section */
		7C650CD1243CD62F00726BA4 /* Resources */ = {
			isa = PBXResourcesBuildPhase;
			buildActionMask = 2147483647;
			files = (
				4E83B7FB28E5A25A004DE475 /* Countries.bundle in Resources */,
				D3F6EB4F2457BCAC00A1AAA9 /* Main.storyboard in Resources */,
				7C650CE3243CD63100726BA4 /* LaunchScreen.storyboard in Resources */,
				4E83B82128E5BF34004DE475 /* ColorPickerViewController.storyboard in Resources */,
				7C650CE0243CD63100726BA4 /* Assets.xcassets in Resources */,
			);
			runOnlyForDeploymentPostprocessing = 0;
		};
/* End PBXResourcesBuildPhase section */

/* Begin PBXShellScriptBuildPhase section */
		A3C12543914C64D3E1CB1303 /* [CP] Embed Pods Frameworks */ = {
			isa = PBXShellScriptBuildPhase;
			buildActionMask = 2147483647;
			files = (
			);
			inputFileListPaths = (
				"${PODS_ROOT}/Target Support Files/Pods-SwiftStudy/Pods-SwiftStudy-frameworks-${CONFIGURATION}-input-files.xcfilelist",
			);
			name = "[CP] Embed Pods Frameworks";
			outputFileListPaths = (
				"${PODS_ROOT}/Target Support Files/Pods-SwiftStudy/Pods-SwiftStudy-frameworks-${CONFIGURATION}-output-files.xcfilelist",
			);
			runOnlyForDeploymentPostprocessing = 0;
			shellPath = /bin/sh;
			shellScript = "\"${PODS_ROOT}/Target Support Files/Pods-SwiftStudy/Pods-SwiftStudy-frameworks.sh\"\n";
			showEnvVarsInLog = 0;
		};
		F72C5EAFE720BB9E32F84246 /* [CP] Check Pods Manifest.lock */ = {
			isa = PBXShellScriptBuildPhase;
			buildActionMask = 2147483647;
			files = (
			);
			inputFileListPaths = (
			);
			inputPaths = (
				"${PODS_PODFILE_DIR_PATH}/Podfile.lock",
				"${PODS_ROOT}/Manifest.lock",
			);
			name = "[CP] Check Pods Manifest.lock";
			outputFileListPaths = (
			);
			outputPaths = (
				"$(DERIVED_FILE_DIR)/Pods-SwiftStudy-checkManifestLockResult.txt",
			);
			runOnlyForDeploymentPostprocessing = 0;
			shellPath = /bin/sh;
			shellScript = "diff \"${PODS_PODFILE_DIR_PATH}/Podfile.lock\" \"${PODS_ROOT}/Manifest.lock\" > /dev/null\nif [ $? != 0 ] ; then\n    # print error to STDERR\n    echo \"error: The sandbox is not in sync with the Podfile.lock. Run 'pod install' or update your CocoaPods installation.\" >&2\n    exit 1\nfi\n# This output is used by Xcode 'outputs' to avoid re-running this script phase.\necho \"SUCCESS\" > \"${SCRIPT_OUTPUT_FILE_0}\"\n";
			showEnvVarsInLog = 0;
		};
/* End PBXShellScriptBuildPhase section */

/* Begin PBXSourcesBuildPhase section */
		7C650CCF243CD62F00726BA4 /* Sources */ = {
			isa = PBXSourcesBuildPhase;
			buildActionMask = 2147483647;
			files = (
				7CA333FE2441A64E00AFE87C /* HomeListModel.swift in Sources */,
				4E83B79628E55B97004DE475 /* PageViewController.swift in Sources */,
				4E83B80028E5A25A004DE475 /* CurrencyCell.swift in Sources */,
				4E83B81628E5A25A004DE475 /* ItemWithPhoto.swift in Sources */,
				4E83B78F28E53216004DE475 /* WFInitializer.swift in Sources */,
				4E83B81928E5A45B004DE475 /* TextViewController.swift in Sources */,
				4E83B79928E56CF8004DE475 /* InteractionViewController.swift in Sources */,
				7C81CEA5244097C700C1A60E /* CheckString.swift in Sources */,
				4E83B81428E5A25A004DE475 /* PhotoLayout.swift in Sources */,
				4E83B80A28E5A25A004DE475 /* Address.swift in Sources */,
				7C81CE94243E1D8800C1A60E /* BaseNavigationController.swift in Sources */,
				4E83B80F28E5A25A004DE475 /* ContactCell.swift in Sources */,
				7CB0C3542453D8970060F38C /* HawaiiViewController.swift in Sources */,
				4E83B81228E5A25A004DE475 /* ImagePickerViewController.swift in Sources */,
				4E83B80428E5A25A004DE475 /* Assets.swift in Sources */,
				7CB0C343244DED400060F38C /* CenterSegmentView.swift in Sources */,
				4E83B7FE28E5A25A004DE475 /* LocalePickerViewController.swift in Sources */,
				4E83B7AD28E5A0A1004DE475 /* UISegmentedControl+Extensions.swift in Sources */,
				7C81CE89243E150400C1A60E /* SecondViewController.swift in Sources */,
				7CA3365D24474D2B00AFE87C /* BaseWebViewController.swift in Sources */,
				7C81CE87243E150400C1A60E /* FifthViewController.swift in Sources */,
				4E83B7FF28E5A25A004DE475 /* PhoneCodeCell.swift in Sources */,
				4E83B7B028E5A0A1004DE475 /* UIView+Extensions.swift in Sources */,
				7C81CEA22440979800C1A60E /* WFCommonCell.swift in Sources */,
				4E83B82C28E88046004DE475 /* SwiftHeader.swift in Sources */,
				4E83B81D28E5A7DA004DE475 /* TypeOneCell.swift in Sources */,
				4E83B81028E5A25A004DE475 /* ColorPickerViewController.swift in Sources */,
				4E83B80C28E5A25A004DE475 /* ContactsPickerViewController.swift in Sources */,
				4E83B81528E5A25A004DE475 /* TelegramPickerViewController.swift in Sources */,
				7CB0C346244E011A0060F38C /* WFNavigation.swift in Sources */,
				7CB0C33C2449D4220060F38C /* ESRefreshDayHeaderAnimator.swift in Sources */,
				4E83B80628E5A25A004DE475 /* LocationSearchResultsViewController.swift in Sources */,
				4E83B7B928E5A0A1004DE475 /* Optional+Extensions.swift in Sources */,
				7CB0C3352449D4220060F38C /* WeChatTableHeaderView.swift in Sources */,
				7CB0C34F245093960060F38C /* WFBaseTableView.swift in Sources */,
				7C81CEAB2441948D00C1A60E /* WFRequestDataLoader.swift in Sources */,
				4E83B80928E5A25A004DE475 /* Location.swift in Sources */,
				4E83B80E28E5A25A004DE475 /* Contact.swift in Sources */,
				4E83B80328E5A25A004DE475 /* OneTextFieldViewController.swift in Sources */,
				7CB0C34B244F2B180060F38C /* LoginViewController.swift in Sources */,
				7C81CEA92440B44900C1A60E /* UIColorCreate.swift in Sources */,
				7CB0C3392449D4220060F38C /* MTRefreshHeaderAnimator.swift in Sources */,
				4E83B7FC28E5A25A004DE475 /* LocaleStore.swift in Sources */,
				4E83B80828E5A25A004DE475 /* SearchHistoryManager.swift in Sources */,
				7C81CE84243E150400C1A60E /* MainTabBarController.swift in Sources */,
				7C81CE88243E150400C1A60E /* FourthViewController.swift in Sources */,
				7C374A3B2464239F0071FD50 /* TestMapViewController.swift in Sources */,
				4E83B7C328E5A220004DE475 /* Label.swift in Sources */,
				7C81CE97243E1DB200C1A60E /* Const.swift in Sources */,
				4E83B80128E5A25A004DE475 /* CountryCell.swift in Sources */,
				4E83B81728E5A25A004DE475 /* LikeButtonCell.swift in Sources */,
				4E83B81328E5A25A004DE475 /* ItemWithImage.swift in Sources */,
				7C81CE8D243E178900C1A60E /* BaseViewController.swift in Sources */,
				4E83B80728E5A25A004DE475 /* LocationPickerViewController.swift in Sources */,
				4E83B7AE28E5A0A1004DE475 /* UIImageView+Extensions.swift in Sources */,
				4E83B7C428E5A220004DE475 /* Button.swift in Sources */,
				7CA3365B2445EEA200AFE87C /* DateFormatterFunc.swift in Sources */,
				4EBA3AB828E4AC33003517B4 /* SimpleCell.swift in Sources */,
				7C81CEA72440987800C1A60E /* ViewController.swift in Sources */,
				7C81CE8F243E1B4600C1A60E /* ViewDetailPage.swift in Sources */,
				7CB0C340244AAAEE0060F38C /* Student.swift in Sources */,
				4EBA3AB628E4A643003517B4 /* SimpleViewController.swift in Sources */,
				4E83B80D28E5A25A004DE475 /* Contacts.swift in Sources */,
				7C374A3D246431FD0071FD50 /* Artwork.swift in Sources */,
				4E83B80528E5A25A004DE475 /* PhotoLibraryPickerViewController.swift in Sources */,
				4E83B7B628E5A0A1004DE475 /* UISearchBar+Extensions.swift in Sources */,
				7CB0C3382449D4220060F38C /* MTRefreshFooterAnimator.swift in Sources */,
				4E83B7C528E5A220004DE475 /* SegmentedControl.swift in Sources */,
				7C81CEA32440979800C1A60E /* HomeCollectionViewCell.swift in Sources */,
				4E83B80B28E5A25A004DE475 /* PickerViewViewController.swift in Sources */,
				4E83B7C628E5A220004DE475 /* TextField.swift in Sources */,
				4E83B79428E55A70004DE475 /* WEIPageControl.swift in Sources */,
				7C81CE9C243F419700C1A60E /* UIVIewCreate.swift in Sources */,
				4E83B79228E55874004DE475 /* WFPageControl.swift in Sources */,
				7CB0C34D24508A540060F38C /* WFTableViewController.swift in Sources */,
				4E83B7C228E5A220004DE475 /* GradientSlider.swift in Sources */,
				4E83B82728E74C01004DE475 /* WFAlertController.swift in Sources */,
				4E83B78B28E53099004DE475 /* WFNetworkTool.swift in Sources */,
				4E83B7B128E5A0A1004DE475 /* Date+Extension.swift in Sources */,
				7C41F3012653F5EE00CFE788 /* ResearchViewController.swift in Sources */,
				4E83B80228E5A25A004DE475 /* TwoTextFieldsViewController.swift in Sources */,
				4E83B81F28E5A8BA004DE475 /* VegaScrollFlowLayout.swift in Sources */,
				7CB0C3512450A8430060F38C /* SimpleWFTableViewController.swift in Sources */,
				4E83B81128E5A25A004DE475 /* DatePickerViewController.swift in Sources */,
				4E83B7BB28E5A0A1004DE475 /* Locale+Extensions.swift in Sources */,
				7CB0C3372449D4220060F38C /* WCRefreshHeaderAnimator.swift in Sources */,
				4E83B7FD28E5A25A004DE475 /* LocaleInfo.swift in Sources */,
				7C650CD7243CD62F00726BA4 /* AppDelegate.swift in Sources */,
				7C81CE86243E150400C1A60E /* ThirdViewController.swift in Sources */,
				4E83B81B28E5A46F004DE475 /* AttributedTextBlock.swift in Sources */,
				7C81CE9A243F418200C1A60E /* WFListInfoModel.swift in Sources */,
				7C650CD9243CD62F00726BA4 /* SceneDelegate.swift in Sources */,
			);
			runOnlyForDeploymentPostprocessing = 0;
		};
/* End PBXSourcesBuildPhase section */

/* Begin PBXVariantGroup section */
		7C650CE1243CD63100726BA4 /* LaunchScreen.storyboard */ = {
			isa = PBXVariantGroup;
			children = (
				7C650CE2243CD63100726BA4 /* Base */,
			);
			name = LaunchScreen.storyboard;
			sourceTree = "<group>";
		};
/* End PBXVariantGroup section */

/* Begin XCBuildConfiguration section */
		7C650CFB243CD63200726BA4 /* Debug */ = {
			isa = XCBuildConfiguration;
			buildSettings = {
				ALWAYS_SEARCH_USER_PATHS = NO;
				CLANG_ANALYZER_NONNULL = YES;
				CLANG_ANALYZER_NUMBER_OBJECT_CONVERSION = YES_AGGRESSIVE;
				CLANG_CXX_LANGUAGE_STANDARD = "gnu++14";
				CLANG_CXX_LIBRARY = "libc++";
				CLANG_ENABLE_MODULES = YES;
				CLANG_ENABLE_OBJC_ARC = YES;
				CLANG_ENABLE_OBJC_WEAK = YES;
				CLANG_WARN_BLOCK_CAPTURE_AUTORELEASING = YES;
				CLANG_WARN_BOOL_CONVERSION = YES;
				CLANG_WARN_COMMA = YES;
				CLANG_WARN_CONSTANT_CONVERSION = YES;
				CLANG_WARN_DEPRECATED_OBJC_IMPLEMENTATIONS = YES;
				CLANG_WARN_DIRECT_OBJC_ISA_USAGE = YES_ERROR;
				CLANG_WARN_DOCUMENTATION_COMMENTS = YES;
				CLANG_WARN_EMPTY_BODY = YES;
				CLANG_WARN_ENUM_CONVERSION = YES;
				CLANG_WARN_INFINITE_RECURSION = YES;
				CLANG_WARN_INT_CONVERSION = YES;
				CLANG_WARN_NON_LITERAL_NULL_CONVERSION = YES;
				CLANG_WARN_OBJC_IMPLICIT_RETAIN_SELF = YES;
				CLANG_WARN_OBJC_LITERAL_CONVERSION = YES;
				CLANG_WARN_OBJC_ROOT_CLASS = YES_ERROR;
				CLANG_WARN_RANGE_LOOP_ANALYSIS = YES;
				CLANG_WARN_STRICT_PROTOTYPES = YES;
				CLANG_WARN_SUSPICIOUS_MOVE = YES;
				CLANG_WARN_UNGUARDED_AVAILABILITY = YES_AGGRESSIVE;
				CLANG_WARN_UNREACHABLE_CODE = YES;
				CLANG_WARN__DUPLICATE_METHOD_MATCH = YES;
				COPY_PHASE_STRIP = NO;
				DEBUG_INFORMATION_FORMAT = dwarf;
				ENABLE_STRICT_OBJC_MSGSEND = YES;
				ENABLE_TESTABILITY = YES;
				GCC_C_LANGUAGE_STANDARD = gnu11;
				GCC_DYNAMIC_NO_PIC = NO;
				GCC_NO_COMMON_BLOCKS = YES;
				GCC_OPTIMIZATION_LEVEL = 0;
				GCC_PREPROCESSOR_DEFINITIONS = (
					"DEBUG=1",
					"$(inherited)",
				);
				GCC_WARN_64_TO_32_BIT_CONVERSION = YES;
				GCC_WARN_ABOUT_RETURN_TYPE = YES_ERROR;
				GCC_WARN_UNDECLARED_SELECTOR = YES;
				GCC_WARN_UNINITIALIZED_AUTOS = YES_AGGRESSIVE;
				GCC_WARN_UNUSED_FUNCTION = YES;
				GCC_WARN_UNUSED_VARIABLE = YES;
				IPHONEOS_DEPLOYMENT_TARGET = 13.4;
				MTL_ENABLE_DEBUG_INFO = INCLUDE_SOURCE;
				MTL_FAST_MATH = YES;
				ONLY_ACTIVE_ARCH = YES;
				SDKROOT = iphoneos;
				SWIFT_ACTIVE_COMPILATION_CONDITIONS = DEBUG;
				SWIFT_OPTIMIZATION_LEVEL = "-Onone";
			};
			name = Debug;
		};
		7C650CFC243CD63200726BA4 /* Release */ = {
			isa = XCBuildConfiguration;
			buildSettings = {
				ALWAYS_SEARCH_USER_PATHS = NO;
				CLANG_ANALYZER_NONNULL = YES;
				CLANG_ANALYZER_NUMBER_OBJECT_CONVERSION = YES_AGGRESSIVE;
				CLANG_CXX_LANGUAGE_STANDARD = "gnu++14";
				CLANG_CXX_LIBRARY = "libc++";
				CLANG_ENABLE_MODULES = YES;
				CLANG_ENABLE_OBJC_ARC = YES;
				CLANG_ENABLE_OBJC_WEAK = YES;
				CLANG_WARN_BLOCK_CAPTURE_AUTORELEASING = YES;
				CLANG_WARN_BOOL_CONVERSION = YES;
				CLANG_WARN_COMMA = YES;
				CLANG_WARN_CONSTANT_CONVERSION = YES;
				CLANG_WARN_DEPRECATED_OBJC_IMPLEMENTATIONS = YES;
				CLANG_WARN_DIRECT_OBJC_ISA_USAGE = YES_ERROR;
				CLANG_WARN_DOCUMENTATION_COMMENTS = YES;
				CLANG_WARN_EMPTY_BODY = YES;
				CLANG_WARN_ENUM_CONVERSION = YES;
				CLANG_WARN_INFINITE_RECURSION = YES;
				CLANG_WARN_INT_CONVERSION = YES;
				CLANG_WARN_NON_LITERAL_NULL_CONVERSION = YES;
				CLANG_WARN_OBJC_IMPLICIT_RETAIN_SELF = YES;
				CLANG_WARN_OBJC_LITERAL_CONVERSION = YES;
				CLANG_WARN_OBJC_ROOT_CLASS = YES_ERROR;
				CLANG_WARN_RANGE_LOOP_ANALYSIS = YES;
				CLANG_WARN_STRICT_PROTOTYPES = YES;
				CLANG_WARN_SUSPICIOUS_MOVE = YES;
				CLANG_WARN_UNGUARDED_AVAILABILITY = YES_AGGRESSIVE;
				CLANG_WARN_UNREACHABLE_CODE = YES;
				CLANG_WARN__DUPLICATE_METHOD_MATCH = YES;
				COPY_PHASE_STRIP = NO;
				DEBUG_INFORMATION_FORMAT = "dwarf-with-dsym";
				ENABLE_NS_ASSERTIONS = NO;
				ENABLE_STRICT_OBJC_MSGSEND = YES;
				GCC_C_LANGUAGE_STANDARD = gnu11;
				GCC_NO_COMMON_BLOCKS = YES;
				GCC_WARN_64_TO_32_BIT_CONVERSION = YES;
				GCC_WARN_ABOUT_RETURN_TYPE = YES_ERROR;
				GCC_WARN_UNDECLARED_SELECTOR = YES;
				GCC_WARN_UNINITIALIZED_AUTOS = YES_AGGRESSIVE;
				GCC_WARN_UNUSED_FUNCTION = YES;
				GCC_WARN_UNUSED_VARIABLE = YES;
				IPHONEOS_DEPLOYMENT_TARGET = 13.4;
				MTL_ENABLE_DEBUG_INFO = NO;
				MTL_FAST_MATH = YES;
				SDKROOT = iphoneos;
				SWIFT_COMPILATION_MODE = wholemodule;
				SWIFT_OPTIMIZATION_LEVEL = "-O";
				VALIDATE_PRODUCT = YES;
			};
			name = Release;
		};
		7C650CFE243CD63200726BA4 /* Debug */ = {
			isa = XCBuildConfiguration;
			baseConfigurationReference = FADC8EDB3850A28DDDF4CAA7 /* Pods-SwiftStudy.debug.xcconfig */;
			buildSettings = {
				ASSETCATALOG_COMPILER_APPICON_NAME = AppIcon;
				ASSETCATALOG_COMPILER_LAUNCHIMAGE_NAME = "";
				CODE_SIGN_IDENTITY = "Apple Development";
				CODE_SIGN_STYLE = Automatic;
				DEVELOPMENT_TEAM = FM2G6TS6GR;
				INFOPLIST_FILE = SwiftStudy/Info.plist;
				IPHONEOS_DEPLOYMENT_TARGET = 12.0;
				LD_RUNPATH_SEARCH_PATHS = (
					"$(inherited)",
					"@executable_path/Frameworks",
				);
				PRODUCT_BUNDLE_IDENTIFIER = com.pingan.PAMobileStockTrailSwift;
				PRODUCT_NAME = "$(TARGET_NAME)";
				PROVISIONING_PROFILE_SPECIFIER = "";
				SWIFT_OBJC_BRIDGING_HEADER = "Bridge/swift-Bridge-Objective-C.h";
				SWIFT_VERSION = 5.0;
				TARGETED_DEVICE_FAMILY = "1,2";
			};
			name = Debug;
		};
		7C650CFF243CD63200726BA4 /* Release */ = {
			isa = XCBuildConfiguration;
			baseConfigurationReference = C590DF9111579CB68F8B8FFD /* Pods-SwiftStudy.release.xcconfig */;
			buildSettings = {
				ASSETCATALOG_COMPILER_APPICON_NAME = AppIcon;
				ASSETCATALOG_COMPILER_LAUNCHIMAGE_NAME = "";
				CODE_SIGN_IDENTITY = "Apple Development";
				CODE_SIGN_STYLE = Automatic;
				DEVELOPMENT_TEAM = "";
				INFOPLIST_FILE = SwiftStudy/Info.plist;
				IPHONEOS_DEPLOYMENT_TARGET = 12.0;
				LD_RUNPATH_SEARCH_PATHS = (
					"$(inherited)",
					"@executable_path/Frameworks",
				);
				PRODUCT_BUNDLE_IDENTIFIER = com.pingan.PAMobileStockTrailSwift;
				PRODUCT_NAME = "$(TARGET_NAME)";
				PROVISIONING_PROFILE_SPECIFIER = "";
				SWIFT_OBJC_BRIDGING_HEADER = "Bridge/swift-Bridge-Objective-C.h";
				SWIFT_VERSION = 5.0;
				TARGETED_DEVICE_FAMILY = "1,2";
			};
			name = Release;
		};
/* End XCBuildConfiguration section */

/* Begin XCConfigurationList section */
		7C650CCE243CD62F00726BA4 /* Build configuration list for PBXProject "SwiftStudy" */ = {
			isa = XCConfigurationList;
			buildConfigurations = (
				7C650CFB243CD63200726BA4 /* Debug */,
				7C650CFC243CD63200726BA4 /* Release */,
			);
			defaultConfigurationIsVisible = 0;
			defaultConfigurationName = Release;
		};
		7C650CFD243CD63200726BA4 /* Build configuration list for PBXNativeTarget "SwiftStudy" */ = {
			isa = XCConfigurationList;
			buildConfigurations = (
				7C650CFE243CD63200726BA4 /* Debug */,
				7C650CFF243CD63200726BA4 /* Release */,
			);
			defaultConfigurationIsVisible = 0;
			defaultConfigurationName = Release;
		};
/* End XCConfigurationList section */
	};
	rootObject = 7C650CCB243CD62F00726BA4 /* Project object */;
}
