PODS:
  - Alamofire (4.9.1)
  - ESPullToRefresh (2.9.2)
  - FLAnimatedImage (1.0.12)
  - HandyJSON (5.0.1)
  - MCToast (0.0.5)
  - ReactiveCocoa (10.2.0):
    - ReactiveSwift (~> 6.2)
  - ReactiveSwift (6.2.1)
  - SDWebImage (5.7.3):
    - SDWebImage/Core (= 5.7.3)
  - SDWebImage/Core (5.7.3)
  - SnapKit (4.2.0)

DEPENDENCIES:
  - Alamofire
  - ESPullToRefresh
  - FLAnimatedImage
  - HandyJSON
  - MCToast
  - ReactiveCocoa
  - SDWebImage
  - SnapKit

SPEC REPOS:
  https://github.com/CocoaPods/Specs.git:
    - Alamofire
    - ESPullToRefresh
    - FLAnimatedImage
    - HandyJSON
    - MCToast
    - ReactiveCocoa
    - ReactiveSwift
    - SDWebImage
    - SnapKit

SPEC CHECKSUMS:
  Alamofire: 85e8a02c69d6020a0d734f6054870d7ecb75cf18
  ESPullToRefresh: efed00d52597065e9a84e1e52fa444fdb1a1dee0
  FLAnimatedImage: 4a0b56255d9b05f18b6dd7ee06871be5d3b89e31
  HandyJSON: d45b8415c501e3affc59ca9762c1197ff0feb646
  MCToast: ed682abca850199076fd05b4487595e27cfa1eb0
  ReactiveCocoa: a123c42f449c552460a4ee217dd49c76a17c8204
  ReactiveSwift: 07ddf579f4eb3ee3bd656214f0461aaf2c0fd639
  SDWebImage: 97351f6582ceca541ea294ba66a1fcb342a331c2
  SnapKit: fe8a619752f3f27075cc9a90244d75c6c3f27e2a

PODFILE CHECKSUM: 9251a6c9778d354e13819eab2b5a26a4d66ccf7d

COCOAPODS: 1.9.1
