PODS:
  - Alamofire (4.8.2)
  - FLAnimatedImage (1.0.12)
  - HandyJSON (5.0.0)
  - SDWebImage (5.1.0):
    - SDWebImage/Core (= 5.1.0)
  - SDWebImage/Core (5.1.0)
  - SnapKit (4.2.0)

DEPENDENCIES:
  - Alamofire
  - FLAnimatedImage
  - HandyJSON
  - SDWebImage
  - SnapKit

SPEC REPOS:
  https://github.com/CocoaPods/Specs.git:
    - Alamofire
    - FLAnimatedImage
    - HandyJSON
    - SDWebImage
    - SnapKit

SPEC CHECKSUMS:
  Alamofire: ae5c501addb7afdbb13687d7f2f722c78734c2d3
  FLAnimatedImage: 4a0b56255d9b05f18b6dd7ee06871be5d3b89e31
  HandyJSON: 992f2d661716d6a91de82d0056927bc7813b5770
  SDWebImage: fb387001955223213dde14bc08c8b73f371f8d8f
  SnapKit: fe8a619752f3f27075cc9a90244d75c6c3f27e2a

PODFILE CHECKSUM: 189ad3632844146b1ecf43af01eb561453efed7c

COCOAPODS: 1.9.1
